// !$*UTF8*$!
{
	archiveVersion = 1;
	classes = {
	};
	objectVersion = 56;
	objects = {

/* Begin PBXBuildFile section */
		3E01B6222C9449CA00C70D78 /* MeasureSaddlePositionView.swift in Sources */ = {isa = PBXBuildFile; fileRef = 3E01B6212C9449CA00C70D78 /* MeasureSaddlePositionView.swift */; };
		3E01B6262C95925800C70D78 /* CustomActivitySheetModal.swift in Sources */ = {isa = PBXBuildFile; fileRef = 3E01B6252C95925800C70D78 /* CustomActivitySheetModal.swift */; };
		3E0FD9922C986749004A09DF /* MeasureHandlebarPositionView.swift in Sources */ = {isa = PBXBuildFile; fileRef = 3E0FD9912C986749004A09DF /* MeasureHandlebarPositionView.swift */; };
		3E0FD9962C9869D0004A09DF /* MeasurementView.swift in Sources */ = {isa = PBXBuildFile; fileRef = 3E0FD9952C9869D0004A09DF /* MeasurementView.swift */; };
		3E0FD9982C987186004A09DF /* MeasureHandPositionView.swift in Sources */ = {isa = PBXBuildFile; fileRef = 3E0FD9972C987186004A09DF /* MeasureHandPositionView.swift */; };
		3E1B64762C9C05BF0088C08A /* MyFitSummaryView.swift in Sources */ = {isa = PBXBuildFile; fileRef = 3E1B64752C9C05BF0088C08A /* MyFitSummaryView.swift */; };
		3E1B64782C9C25D40088C08A /* FooterToolbarView.swift in Sources */ = {isa = PBXBuildFile; fileRef = 3E1B64772C9C25D40088C08A /* FooterToolbarView.swift */; };
		3E1B647A2C9C2EAC0088C08A /* MyBikes.swift in Sources */ = {isa = PBXBuildFile; fileRef = 3E1B64792C9C2EAB0088C08A /* MyBikes.swift */; };
		3E2140932C8A1378007BA9CA /* BikeConfigurationAppApp.swift in Sources */ = {isa = PBXBuildFile; fileRef = 3E2140922C8A1378007BA9CA /* BikeConfigurationAppApp.swift */; };
		3E2140952C8A1378007BA9CA /* HomeView.swift in Sources */ = {isa = PBXBuildFile; fileRef = 3E2140942C8A1378007BA9CA /* HomeView.swift */; };
		3E2140972C8A137A007BA9CA /* Assets.xcassets in Resources */ = {isa = PBXBuildFile; fileRef = 3E2140962C8A137A007BA9CA /* Assets.xcassets */; };
		3E21409A2C8A137A007BA9CA /* Preview Assets.xcassets in Resources */ = {isa = PBXBuildFile; fileRef = 3E2140992C8A137A007BA9CA /* Preview Assets.xcassets */; };
		3E2140A42C8A137B007BA9CA /* BikeConfigurationAppTests.swift in Sources */ = {isa = PBXBuildFile; fileRef = 3E2140A32C8A137B007BA9CA /* BikeConfigurationAppTests.swift */; };
		3E2140AE2C8A137B007BA9CA /* BikeConfigurationAppUITests.swift in Sources */ = {isa = PBXBuildFile; fileRef = 3E2140AD2C8A137B007BA9CA /* BikeConfigurationAppUITests.swift */; };
		3E2140B02C8A137B007BA9CA /* BikeConfigurationAppUITestsLaunchTests.swift in Sources */ = {isa = PBXBuildFile; fileRef = 3E2140AF2C8A137B007BA9CA /* BikeConfigurationAppUITestsLaunchTests.swift */; };
		3E27B82D2C9070BE004844B4 /* BikeFitRepository.swift in Sources */ = {isa = PBXBuildFile; fileRef = 3E27B82C2C9070BE004844B4 /* BikeFitRepository.swift */; };
		3E27B8302C90712B004844B4 /* BikeFitRepositoryProtocol.swift in Sources */ = {isa = PBXBuildFile; fileRef = 3E27B82F2C90712B004844B4 /* BikeFitRepositoryProtocol.swift */; };
		3E645AF42C8CAABA009866A9 /* MyFitView.swift in Sources */ = {isa = PBXBuildFile; fileRef = 3E645AF32C8CAABA009866A9 /* MyFitView.swift */; };
		3E645AF82C8CB18E009866A9 /* BikeFit+Extensions.swift in Sources */ = {isa = PBXBuildFile; fileRef = 3E645AF72C8CB18E009866A9 /* BikeFit+Extensions.swift */; };
		3E645B012C8CB7F1009866A9 /* TintedNavigationBarModifier.swift in Sources */ = {isa = PBXBuildFile; fileRef = 3E645B002C8CB7F1009866A9 /* TintedNavigationBarModifier.swift */; };
		3E87DC212C907B5D00B53289 /* MyFitViewModel.swift in Sources */ = {isa = PBXBuildFile; fileRef = 3E87DC202C907B5D00B53289 /* MyFitViewModel.swift */; };
		3E87DC232C9084FD00B53289 /* MyFitDetailsView.swift in Sources */ = {isa = PBXBuildFile; fileRef = 3E87DC222C9084FD00B53289 /* MyFitDetailsView.swift */; };
		3E87DC252C90856600B53289 /* MyFitDetailsViewModel.swift in Sources */ = {isa = PBXBuildFile; fileRef = 3E87DC242C90856600B53289 /* MyFitDetailsViewModel.swift */; };
		3E87DC272C9090AB00B53289 /* Coordinator.swift in Sources */ = {isa = PBXBuildFile; fileRef = 3E87DC262C9090AB00B53289 /* Coordinator.swift */; };
		3E87DC2A2C90A7D600B53289 /* DecimalTextField.swift in Sources */ = {isa = PBXBuildFile; fileRef = 3E87DC292C90A7D600B53289 /* DecimalTextField.swift */; };
		3E87DC2C2C93381800B53289 /* ShareSheet.swift in Sources */ = {isa = PBXBuildFile; fileRef = 3E87DC2B2C93381800B53289 /* ShareSheet.swift */; };
		3E97B5092C997A0D0044FE51 /* DataSchema.swift in Sources */ = {isa = PBXBuildFile; fileRef = 3E97B5082C997A0D0044FE51 /* DataSchema.swift */; };
		3E97B50C2C997C2F0044FE51 /* BikeFitV1.swift in Sources */ = {isa = PBXBuildFile; fileRef = 3E97B50B2C997C2F0044FE51 /* BikeFitV1.swift */; };
		3E97B50E2C997CF80044FE51 /* BikeFitV2.swift in Sources */ = {isa = PBXBuildFile; fileRef = 3E97B50D2C997CF80044FE51 /* BikeFitV2.swift */; };
		3E97B5102C997E120044FE51 /* BikeFitMigrationPlan.swift in Sources */ = {isa = PBXBuildFile; fileRef = 3E97B50F2C997E120044FE51 /* BikeFitMigrationPlan.swift */; };
		3E97B5122C99AAC40044FE51 /* BikeFitV2Test.swift in Sources */ = {isa = PBXBuildFile; fileRef = 3E97B5112C99AAC40044FE51 /* BikeFitV2Test.swift */; };
		3E97B5172C9ACF440044FE51 /* BikeFitUtils.swift in Sources */ = {isa = PBXBuildFile; fileRef = 3E97B5162C9ACF440044FE51 /* BikeFitUtils.swift */; };
		3EA04AA82C8C4B5E009BB9AC /* Roboto-Thin.ttf in Resources */ = {isa = PBXBuildFile; fileRef = 3EA04A9C2C8C4B5D009BB9AC /* Roboto-Thin.ttf */; };
		3EA04AA92C8C4B5E009BB9AC /* Roboto-ThinItalic.ttf in Resources */ = {isa = PBXBuildFile; fileRef = 3EA04A9D2C8C4B5D009BB9AC /* Roboto-ThinItalic.ttf */; };
		3EA04AAA2C8C4B5E009BB9AC /* Roboto-Medium.ttf in Resources */ = {isa = PBXBuildFile; fileRef = 3EA04A9E2C8C4B5D009BB9AC /* Roboto-Medium.ttf */; };
		3EA04AAB2C8C4B5E009BB9AC /* Roboto-BoldItalic.ttf in Resources */ = {isa = PBXBuildFile; fileRef = 3EA04A9F2C8C4B5E009BB9AC /* Roboto-BoldItalic.ttf */; };
		3EA04AAC2C8C4B5E009BB9AC /* Roboto-Black.ttf in Resources */ = {isa = PBXBuildFile; fileRef = 3EA04AA02C8C4B5E009BB9AC /* Roboto-Black.ttf */; };
		3EA04AAD2C8C4B5E009BB9AC /* Roboto-LightItalic.ttf in Resources */ = {isa = PBXBuildFile; fileRef = 3EA04AA12C8C4B5E009BB9AC /* Roboto-LightItalic.ttf */; };
		3EA04AAE2C8C4B5E009BB9AC /* Roboto-Light.ttf in Resources */ = {isa = PBXBuildFile; fileRef = 3EA04AA22C8C4B5E009BB9AC /* Roboto-Light.ttf */; };
		3EA04AAF2C8C4B5E009BB9AC /* Roboto-Bold.ttf in Resources */ = {isa = PBXBuildFile; fileRef = 3EA04AA32C8C4B5E009BB9AC /* Roboto-Bold.ttf */; };
		3EA04AB02C8C4B5E009BB9AC /* Roboto-BlackItalic.ttf in Resources */ = {isa = PBXBuildFile; fileRef = 3EA04AA42C8C4B5E009BB9AC /* Roboto-BlackItalic.ttf */; };
		3EA04AB12C8C4B5E009BB9AC /* Roboto-Italic.ttf in Resources */ = {isa = PBXBuildFile; fileRef = 3EA04AA52C8C4B5E009BB9AC /* Roboto-Italic.ttf */; };
		3EA04AB22C8C4B5E009BB9AC /* Roboto-MediumItalic.ttf in Resources */ = {isa = PBXBuildFile; fileRef = 3EA04AA62C8C4B5E009BB9AC /* Roboto-MediumItalic.ttf */; };
		3EA04AB32C8C4B5E009BB9AC /* Roboto-Regular.ttf in Resources */ = {isa = PBXBuildFile; fileRef = 3EA04AA72C8C4B5E009BB9AC /* Roboto-Regular.ttf */; };
		3EC265D72C9D5D6900E2CFAD /* MotionManager.swift in Sources */ = {isa = PBXBuildFile; fileRef = 3EC265D62C9D5D6900E2CFAD /* MotionManager.swift */; };
		3ECAC01E2C8B44B7008703C5 /* SplashView.swift in Sources */ = {isa = PBXBuildFile; fileRef = 3ECAC01D2C8B44B7008703C5 /* SplashView.swift */; };
		3ECAC0212C8B4E8C008703C5 /* LaunchScreen.storyboard in Resources */ = {isa = PBXBuildFile; fileRef = 3ECAC0202C8B4E8C008703C5 /* LaunchScreen.storyboard */; };
		3EEA470D2C9B0CB200AD8E39 /* GuidanceSaddlePositionView.swift in Sources */ = {isa = PBXBuildFile; fileRef = 3EEA470C2C9B0CB200AD8E39 /* GuidanceSaddlePositionView.swift */; };
		3EEA470F2C9B0DB600AD8E39 /* GuidanceHandPositionView.swift in Sources */ = {isa = PBXBuildFile; fileRef = 3EEA470E2C9B0DB600AD8E39 /* GuidanceHandPositionView.swift */; };
		3EEA47112C9B0DD500AD8E39 /* GuidanceHandlebarPositionView.swift in Sources */ = {isa = PBXBuildFile; fileRef = 3EEA47102C9B0DD500AD8E39 /* GuidanceHandlebarPositionView.swift */; };
/* End PBXBuildFile section */

/* Begin PBXContainerItemProxy section */
		3E2140A02C8A137B007BA9CA /* PBXContainerItemProxy */ = {
			isa = PBXContainerItemProxy;
			containerPortal = 3E2140872C8A1378007BA9CA /* Project object */;
			proxyType = 1;
			remoteGlobalIDString = 3E21408E2C8A1378007BA9CA;
			remoteInfo = BikeConfigurationApp;
		};
		3E2140AA2C8A137B007BA9CA /* PBXContainerItemProxy */ = {
			isa = PBXContainerItemProxy;
			containerPortal = 3E2140872C8A1378007BA9CA /* Project object */;
			proxyType = 1;
			remoteGlobalIDString = 3E21408E2C8A1378007BA9CA;
			remoteInfo = BikeConfigurationApp;
		};
/* End PBXContainerItemProxy section */

/* Begin PBXFileReference section */
		3E01B6212C9449CA00C70D78 /* MeasureSaddlePositionView.swift */ = {isa = PBXFileReference; lastKnownFileType = sourcecode.swift; path = MeasureSaddlePositionView.swift; sourceTree = "<group>"; };
		3E01B6252C95925800C70D78 /* CustomActivitySheetModal.swift */ = {isa = PBXFileReference; lastKnownFileType = sourcecode.swift; path = CustomActivitySheetModal.swift; sourceTree = "<group>"; };
		3E0FD9912C986749004A09DF /* MeasureHandlebarPositionView.swift */ = {isa = PBXFileReference; lastKnownFileType = sourcecode.swift; path = MeasureHandlebarPositionView.swift; sourceTree = "<group>"; };
		3E0FD9952C9869D0004A09DF /* MeasurementView.swift */ = {isa = PBXFileReference; lastKnownFileType = sourcecode.swift; path = MeasurementView.swift; sourceTree = "<group>"; };
		3E0FD9972C987186004A09DF /* MeasureHandPositionView.swift */ = {isa = PBXFileReference; lastKnownFileType = sourcecode.swift; path = MeasureHandPositionView.swift; sourceTree = "<group>"; };
		3E1B64752C9C05BF0088C08A /* MyFitSummaryView.swift */ = {isa = PBXFileReference; lastKnownFileType = sourcecode.swift; path = MyFitSummaryView.swift; sourceTree = "<group>"; };
		3E1B64772C9C25D40088C08A /* FooterToolbarView.swift */ = {isa = PBXFileReference; lastKnownFileType = sourcecode.swift; path = FooterToolbarView.swift; sourceTree = "<group>"; };
		3E1B64792C9C2EAB0088C08A /* MyBikes.swift */ = {isa = PBXFileReference; lastKnownFileType = sourcecode.swift; path = MyBikes.swift; sourceTree = "<group>"; };
		3E21408F2C8A1378007BA9CA /* BikeConfigurationApp.app */ = {isa = PBXFileReference; explicitFileType = wrapper.application; includeInIndex = 0; path = BikeConfigurationApp.app; sourceTree = BUILT_PRODUCTS_DIR; };
		3E2140922C8A1378007BA9CA /* BikeConfigurationAppApp.swift */ = {isa = PBXFileReference; lastKnownFileType = sourcecode.swift; path = BikeConfigurationAppApp.swift; sourceTree = "<group>"; };
		3E2140942C8A1378007BA9CA /* HomeView.swift */ = {isa = PBXFileReference; lastKnownFileType = sourcecode.swift; path = HomeView.swift; sourceTree = "<group>"; };
		3E2140962C8A137A007BA9CA /* Assets.xcassets */ = {isa = PBXFileReference; lastKnownFileType = folder.assetcatalog; path = Assets.xcassets; sourceTree = "<group>"; };
		3E2140992C8A137A007BA9CA /* Preview Assets.xcassets */ = {isa = PBXFileReference; lastKnownFileType = folder.assetcatalog; path = "Preview Assets.xcassets"; sourceTree = "<group>"; };
		3E21409F2C8A137B007BA9CA /* BikeConfigurationAppTests.xctest */ = {isa = PBXFileReference; explicitFileType = wrapper.cfbundle; includeInIndex = 0; path = BikeConfigurationAppTests.xctest; sourceTree = BUILT_PRODUCTS_DIR; };
		3E2140A32C8A137B007BA9CA /* BikeConfigurationAppTests.swift */ = {isa = PBXFileReference; lastKnownFileType = sourcecode.swift; path = BikeConfigurationAppTests.swift; sourceTree = "<group>"; };
		3E2140A92C8A137B007BA9CA /* BikeConfigurationAppUITests.xctest */ = {isa = PBXFileReference; explicitFileType = wrapper.cfbundle; includeInIndex = 0; path = BikeConfigurationAppUITests.xctest; sourceTree = BUILT_PRODUCTS_DIR; };
		3E2140AD2C8A137B007BA9CA /* BikeConfigurationAppUITests.swift */ = {isa = PBXFileReference; lastKnownFileType = sourcecode.swift; path = BikeConfigurationAppUITests.swift; sourceTree = "<group>"; };
		3E2140AF2C8A137B007BA9CA /* BikeConfigurationAppUITestsLaunchTests.swift */ = {isa = PBXFileReference; lastKnownFileType = sourcecode.swift; path = BikeConfigurationAppUITestsLaunchTests.swift; sourceTree = "<group>"; };
		3E27B82C2C9070BE004844B4 /* BikeFitRepository.swift */ = {isa = PBXFileReference; lastKnownFileType = sourcecode.swift; path = BikeFitRepository.swift; sourceTree = "<group>"; };
		3E27B82F2C90712B004844B4 /* BikeFitRepositoryProtocol.swift */ = {isa = PBXFileReference; lastKnownFileType = sourcecode.swift; path = BikeFitRepositoryProtocol.swift; sourceTree = "<group>"; };
		3E645AF32C8CAABA009866A9 /* MyFitView.swift */ = {isa = PBXFileReference; lastKnownFileType = sourcecode.swift; path = MyFitView.swift; sourceTree = "<group>"; };
		3E645AF72C8CB18E009866A9 /* BikeFit+Extensions.swift */ = {isa = PBXFileReference; lastKnownFileType = sourcecode.swift; path = "BikeFit+Extensions.swift"; sourceTree = "<group>"; };
		3E645B002C8CB7F1009866A9 /* TintedNavigationBarModifier.swift */ = {isa = PBXFileReference; lastKnownFileType = sourcecode.swift; path = TintedNavigationBarModifier.swift; sourceTree = "<group>"; };
		3E87DC202C907B5D00B53289 /* MyFitViewModel.swift */ = {isa = PBXFileReference; lastKnownFileType = sourcecode.swift; path = MyFitViewModel.swift; sourceTree = "<group>"; };
		3E87DC222C9084FD00B53289 /* MyFitDetailsView.swift */ = {isa = PBXFileReference; lastKnownFileType = sourcecode.swift; path = MyFitDetailsView.swift; sourceTree = "<group>"; };
		3E87DC242C90856600B53289 /* MyFitDetailsViewModel.swift */ = {isa = PBXFileReference; lastKnownFileType = sourcecode.swift; path = MyFitDetailsViewModel.swift; sourceTree = "<group>"; };
		3E87DC262C9090AB00B53289 /* Coordinator.swift */ = {isa = PBXFileReference; lastKnownFileType = sourcecode.swift; path = Coordinator.swift; sourceTree = "<group>"; };
		3E87DC292C90A7D600B53289 /* DecimalTextField.swift */ = {isa = PBXFileReference; lastKnownFileType = sourcecode.swift; path = DecimalTextField.swift; sourceTree = "<group>"; };
		3E87DC2B2C93381800B53289 /* ShareSheet.swift */ = {isa = PBXFileReference; lastKnownFileType = sourcecode.swift; path = ShareSheet.swift; sourceTree = "<group>"; };
		3E87DC2D2C93790F00B53289 /* BikeConfigurationApp.entitlements */ = {isa = PBXFileReference; lastKnownFileType = text.plist.entitlements; path = BikeConfigurationApp.entitlements; sourceTree = "<group>"; };
		3E97B5082C997A0D0044FE51 /* DataSchema.swift */ = {isa = PBXFileReference; lastKnownFileType = sourcecode.swift; path = DataSchema.swift; sourceTree = "<group>"; };
		3E97B50B2C997C2F0044FE51 /* BikeFitV1.swift */ = {isa = PBXFileReference; lastKnownFileType = sourcecode.swift; path = BikeFitV1.swift; sourceTree = "<group>"; };
		3E97B50D2C997CF80044FE51 /* BikeFitV2.swift */ = {isa = PBXFileReference; lastKnownFileType = sourcecode.swift; path = BikeFitV2.swift; sourceTree = "<group>"; };
		3E97B50F2C997E120044FE51 /* BikeFitMigrationPlan.swift */ = {isa = PBXFileReference; lastKnownFileType = sourcecode.swift; path = BikeFitMigrationPlan.swift; sourceTree = "<group>"; };
		3E97B5112C99AAC40044FE51 /* BikeFitV2Test.swift */ = {isa = PBXFileReference; lastKnownFileType = sourcecode.swift; path = BikeFitV2Test.swift; sourceTree = "<group>"; };
		3E97B5162C9ACF440044FE51 /* BikeFitUtils.swift */ = {isa = PBXFileReference; lastKnownFileType = sourcecode.swift; path = BikeFitUtils.swift; sourceTree = "<group>"; };
		3EA04A9C2C8C4B5D009BB9AC /* Roboto-Thin.ttf */ = {isa = PBXFileReference; lastKnownFileType = file; path = "Roboto-Thin.ttf"; sourceTree = "<group>"; };
		3EA04A9D2C8C4B5D009BB9AC /* Roboto-ThinItalic.ttf */ = {isa = PBXFileReference; lastKnownFileType = file; path = "Roboto-ThinItalic.ttf"; sourceTree = "<group>"; };
		3EA04A9E2C8C4B5D009BB9AC /* Roboto-Medium.ttf */ = {isa = PBXFileReference; lastKnownFileType = file; path = "Roboto-Medium.ttf"; sourceTree = "<group>"; };
		3EA04A9F2C8C4B5E009BB9AC /* Roboto-BoldItalic.ttf */ = {isa = PBXFileReference; lastKnownFileType = file; path = "Roboto-BoldItalic.ttf"; sourceTree = "<group>"; };
		3EA04AA02C8C4B5E009BB9AC /* Roboto-Black.ttf */ = {isa = PBXFileReference; lastKnownFileType = file; path = "Roboto-Black.ttf"; sourceTree = "<group>"; };
		3EA04AA12C8C4B5E009BB9AC /* Roboto-LightItalic.ttf */ = {isa = PBXFileReference; lastKnownFileType = file; path = "Roboto-LightItalic.ttf"; sourceTree = "<group>"; };
		3EA04AA22C8C4B5E009BB9AC /* Roboto-Light.ttf */ = {isa = PBXFileReference; lastKnownFileType = file; path = "Roboto-Light.ttf"; sourceTree = "<group>"; };
		3EA04AA32C8C4B5E009BB9AC /* Roboto-Bold.ttf */ = {isa = PBXFileReference; lastKnownFileType = file; path = "Roboto-Bold.ttf"; sourceTree = "<group>"; };
		3EA04AA42C8C4B5E009BB9AC /* Roboto-BlackItalic.ttf */ = {isa = PBXFileReference; lastKnownFileType = file; path = "Roboto-BlackItalic.ttf"; sourceTree = "<group>"; };
		3EA04AA52C8C4B5E009BB9AC /* Roboto-Italic.ttf */ = {isa = PBXFileReference; lastKnownFileType = file; path = "Roboto-Italic.ttf"; sourceTree = "<group>"; };
		3EA04AA62C8C4B5E009BB9AC /* Roboto-MediumItalic.ttf */ = {isa = PBXFileReference; lastKnownFileType = file; path = "Roboto-MediumItalic.ttf"; sourceTree = "<group>"; };
		3EA04AA72C8C4B5E009BB9AC /* Roboto-Regular.ttf */ = {isa = PBXFileReference; lastKnownFileType = file; path = "Roboto-Regular.ttf"; sourceTree = "<group>"; };
		3EC265D62C9D5D6900E2CFAD /* MotionManager.swift */ = {isa = PBXFileReference; lastKnownFileType = sourcecode.swift; path = MotionManager.swift; sourceTree = "<group>"; };
		3ECAC01D2C8B44B7008703C5 /* SplashView.swift */ = {isa = PBXFileReference; lastKnownFileType = sourcecode.swift; path = SplashView.swift; sourceTree = "<group>"; };
		3ECAC01F2C8B4E39008703C5 /* Info.plist */ = {isa = PBXFileReference; lastKnownFileType = text.plist; path = Info.plist; sourceTree = "<group>"; };
		3ECAC0202C8B4E8C008703C5 /* LaunchScreen.storyboard */ = {isa = PBXFileReference; lastKnownFileType = file.storyboard; path = LaunchScreen.storyboard; sourceTree = "<group>"; };
		3EEA470C2C9B0CB200AD8E39 /* GuidanceSaddlePositionView.swift */ = {isa = PBXFileReference; lastKnownFileType = sourcecode.swift; path = GuidanceSaddlePositionView.swift; sourceTree = "<group>"; };
		3EEA470E2C9B0DB600AD8E39 /* GuidanceHandPositionView.swift */ = {isa = PBXFileReference; lastKnownFileType = sourcecode.swift; path = GuidanceHandPositionView.swift; sourceTree = "<group>"; };
		3EEA47102C9B0DD500AD8E39 /* GuidanceHandlebarPositionView.swift */ = {isa = PBXFileReference; lastKnownFileType = sourcecode.swift; path = GuidanceHandlebarPositionView.swift; sourceTree = "<group>"; };
/* End PBXFileReference section */

/* Begin PBXFrameworksBuildPhase section */
		3E21408C2C8A1378007BA9CA /* Frameworks */ = {
			isa = PBXFrameworksBuildPhase;
			buildActionMask = 2147483647;
			files = (
			);
			runOnlyForDeploymentPostprocessing = 0;
		};
		3E21409C2C8A137B007BA9CA /* Frameworks */ = {
			isa = PBXFrameworksBuildPhase;
			buildActionMask = 2147483647;
			files = (
			);
			runOnlyForDeploymentPostprocessing = 0;
		};
		3E2140A62C8A137B007BA9CA /* Frameworks */ = {
			isa = PBXFrameworksBuildPhase;
			buildActionMask = 2147483647;
			files = (
			);
			runOnlyForDeploymentPostprocessing = 0;
		};
/* End PBXFrameworksBuildPhase section */

/* Begin PBXGroup section */
		3E1B647B2C9C63A70088C08A /* Splash */ = {
			isa = PBXGroup;
			children = (
				3ECAC01D2C8B44B7008703C5 /* SplashView.swift */,
			);
			path = Splash;
			sourceTree = "<group>";
		};
		3E1B647C2C9C63B20088C08A /* Home */ = {
			isa = PBXGroup;
			children = (
				3E2140942C8A1378007BA9CA /* HomeView.swift */,
			);
			path = Home;
			sourceTree = "<group>";
		};
		3E1B647D2C9C63BB0088C08A /* MyFits */ = {
			isa = PBXGroup;
			children = (
				3E645AF32C8CAABA009866A9 /* MyFitView.swift */,
				3E87DC222C9084FD00B53289 /* MyFitDetailsView.swift */,
				3E1B647F2C9C6D470088C08A /* MeasurementViews */,
				3E1B64802C9C6D5B0088C08A /* GuidanceViews */,
			);
			path = MyFits;
			sourceTree = "<group>";
		};
		3E1B647E2C9C63CD0088C08A /* MyBikes */ = {
			isa = PBXGroup;
			children = (
				3E1B64792C9C2EAB0088C08A /* MyBikes.swift */,
			);
			path = MyBikes;
			sourceTree = "<group>";
		};
		3E1B647F2C9C6D470088C08A /* MeasurementViews */ = {
			isa = PBXGroup;
			children = (
				3E0FD9952C9869D0004A09DF /* MeasurementView.swift */,
				3E01B6212C9449CA00C70D78 /* MeasureSaddlePositionView.swift */,
				3E0FD9972C987186004A09DF /* MeasureHandPositionView.swift */,
				3E0FD9912C986749004A09DF /* MeasureHandlebarPositionView.swift */,
			);
			path = MeasurementViews;
			sourceTree = "<group>";
		};
		3E1B64802C9C6D5B0088C08A /* GuidanceViews */ = {
			isa = PBXGroup;
			children = (
				3EEA470C2C9B0CB200AD8E39 /* GuidanceSaddlePositionView.swift */,
				3EEA470E2C9B0DB600AD8E39 /* GuidanceHandPositionView.swift */,
				3EEA47102C9B0DD500AD8E39 /* GuidanceHandlebarPositionView.swift */,
			);
			path = GuidanceViews;
			sourceTree = "<group>";
		};
		3E2140862C8A1378007BA9CA = {
			isa = PBXGroup;
			children = (
				3E2140912C8A1378007BA9CA /* BikeConfigurationApp */,
				3E2140A22C8A137B007BA9CA /* BikeConfigurationAppTests */,
				3E2140AC2C8A137B007BA9CA /* BikeConfigurationAppUITests */,
				3E2140902C8A1378007BA9CA /* Products */,
			);
			sourceTree = "<group>";
		};
		3E2140902C8A1378007BA9CA /* Products */ = {
			isa = PBXGroup;
			children = (
				3E21408F2C8A1378007BA9CA /* BikeConfigurationApp.app */,
				3E21409F2C8A137B007BA9CA /* BikeConfigurationAppTests.xctest */,
				3E2140A92C8A137B007BA9CA /* BikeConfigurationAppUITests.xctest */,
			);
			name = Products;
			sourceTree = "<group>";
		};
		3E2140912C8A1378007BA9CA /* BikeConfigurationApp */ = {
			isa = PBXGroup;
			children = (
				3E87DC2D2C93790F00B53289 /* BikeConfigurationApp.entitlements */,
				3EA04A9B2C8C4B40009BB9AC /* Fonts */,
				3ECAC01F2C8B4E39008703C5 /* Info.plist */,
				3E2140922C8A1378007BA9CA /* BikeConfigurationAppApp.swift */,
				3E645AFF2C8CB7DB009866A9 /* Modifiers */,
				3E27B82B2C9070A8004844B4 /* DataRepository */,
				3E97B5132C9A12080044FE51 /* Navigation */,
				3E645AF62C8CB16D009866A9 /* Pages */,
				3E87DC282C90A7BD00B53289 /* Views */,
				3E87DC1F2C907B4500B53289 /* ViewModels */,
				3E645AF52C8CB168009866A9 /* Model */,
				3EC265D82C9D5D7200E2CFAD /* Services */,
				3E2140962C8A137A007BA9CA /* Assets.xcassets */,
				3E2140982C8A137A007BA9CA /* Preview Content */,
				3ECAC0202C8B4E8C008703C5 /* LaunchScreen.storyboard */,
			);
			path = BikeConfigurationApp;
			sourceTree = "<group>";
		};
		3E2140982C8A137A007BA9CA /* Preview Content */ = {
			isa = PBXGroup;
			children = (
				3E2140992C8A137A007BA9CA /* Preview Assets.xcassets */,
			);
			path = "Preview Content";
			sourceTree = "<group>";
		};
		3E2140A22C8A137B007BA9CA /* BikeConfigurationAppTests */ = {
			isa = PBXGroup;
			children = (
				3E2140A32C8A137B007BA9CA /* BikeConfigurationAppTests.swift */,
				3E97B5112C99AAC40044FE51 /* BikeFitV2Test.swift */,
			);
			path = BikeConfigurationAppTests;
			sourceTree = "<group>";
		};
		3E2140AC2C8A137B007BA9CA /* BikeConfigurationAppUITests */ = {
			isa = PBXGroup;
			children = (
				3E2140AD2C8A137B007BA9CA /* BikeConfigurationAppUITests.swift */,
				3E2140AF2C8A137B007BA9CA /* BikeConfigurationAppUITestsLaunchTests.swift */,
			);
			path = BikeConfigurationAppUITests;
			sourceTree = "<group>";
		};
		3E27B82B2C9070A8004844B4 /* DataRepository */ = {
			isa = PBXGroup;
			children = (
				3E27B82E2C907119004844B4 /* Protocols */,
				3E27B82C2C9070BE004844B4 /* BikeFitRepository.swift */,
			);
			path = DataRepository;
			sourceTree = "<group>";
		};
		3E27B82E2C907119004844B4 /* Protocols */ = {
			isa = PBXGroup;
			children = (
				3E27B82F2C90712B004844B4 /* BikeFitRepositoryProtocol.swift */,
			);
			path = Protocols;
			sourceTree = "<group>";
		};
		3E645AF52C8CB168009866A9 /* Model */ = {
			isa = PBXGroup;
			children = (
				3E97B50A2C997C0C0044FE51 /* Schema */,
				3E645AF72C8CB18E009866A9 /* BikeFit+Extensions.swift */,
				3E97B5162C9ACF440044FE51 /* BikeFitUtils.swift */,
			);
			path = Model;
			sourceTree = "<group>";
		};
		3E645AF62C8CB16D009866A9 /* Pages */ = {
			isa = PBXGroup;
			children = (
				3E1B647B2C9C63A70088C08A /* Splash */,
				3E1B647C2C9C63B20088C08A /* Home */,
				3E1B647E2C9C63CD0088C08A /* MyBikes */,
				3E1B647D2C9C63BB0088C08A /* MyFits */,
			);
			path = Pages;
			sourceTree = "<group>";
		};
		3E645AFF2C8CB7DB009866A9 /* Modifiers */ = {
			isa = PBXGroup;
			children = (
				3E645B002C8CB7F1009866A9 /* TintedNavigationBarModifier.swift */,
			);
			path = Modifiers;
			sourceTree = "<group>";
		};
		3E87DC1F2C907B4500B53289 /* ViewModels */ = {
			isa = PBXGroup;
			children = (
				3E87DC202C907B5D00B53289 /* MyFitViewModel.swift */,
				3E87DC242C90856600B53289 /* MyFitDetailsViewModel.swift */,
			);
			path = ViewModels;
			sourceTree = "<group>";
		};
		3E87DC282C90A7BD00B53289 /* Views */ = {
			isa = PBXGroup;
			children = (
				3E87DC2B2C93381800B53289 /* ShareSheet.swift */,
				3E1B64752C9C05BF0088C08A /* MyFitSummaryView.swift */,
				3E87DC292C90A7D600B53289 /* DecimalTextField.swift */,
				3E01B6252C95925800C70D78 /* CustomActivitySheetModal.swift */,
				3E1B64772C9C25D40088C08A /* FooterToolbarView.swift */,
			);
			path = Views;
			sourceTree = "<group>";
		};
		3E97B50A2C997C0C0044FE51 /* Schema */ = {
			isa = PBXGroup;
			children = (
				3E97B5082C997A0D0044FE51 /* DataSchema.swift */,
				3E97B50B2C997C2F0044FE51 /* BikeFitV1.swift */,
				3E97B50D2C997CF80044FE51 /* BikeFitV2.swift */,
				3E97B50F2C997E120044FE51 /* BikeFitMigrationPlan.swift */,
			);
			path = Schema;
			sourceTree = "<group>";
		};
		3E97B5132C9A12080044FE51 /* Navigation */ = {
			isa = PBXGroup;
			children = (
				3E87DC262C9090AB00B53289 /* Coordinator.swift */,
			);
			path = Navigation;
			sourceTree = "<group>";
		};
		3EA04A9B2C8C4B40009BB9AC /* Fonts */ = {
			isa = PBXGroup;
			children = (
				3EA04AA02C8C4B5E009BB9AC /* Roboto-Black.ttf */,
				3EA04AA42C8C4B5E009BB9AC /* Roboto-BlackItalic.ttf */,
				3EA04AA32C8C4B5E009BB9AC /* Roboto-Bold.ttf */,
				3EA04A9F2C8C4B5E009BB9AC /* Roboto-BoldItalic.ttf */,
				3EA04AA52C8C4B5E009BB9AC /* Roboto-Italic.ttf */,
				3EA04AA22C8C4B5E009BB9AC /* Roboto-Light.ttf */,
				3EA04AA12C8C4B5E009BB9AC /* Roboto-LightItalic.ttf */,
				3EA04A9E2C8C4B5D009BB9AC /* Roboto-Medium.ttf */,
				3EA04AA62C8C4B5E009BB9AC /* Roboto-MediumItalic.ttf */,
				3EA04AA72C8C4B5E009BB9AC /* Roboto-Regular.ttf */,
				3EA04A9C2C8C4B5D009BB9AC /* Roboto-Thin.ttf */,
				3EA04A9D2C8C4B5D009BB9AC /* Roboto-ThinItalic.ttf */,
			);
			path = Fonts;
			sourceTree = "<group>";
		};
		3EC265D82C9D5D7200E2CFAD /* Services */ = {
			isa = PBXGroup;
			children = (
				3EC265D62C9D5D6900E2CFAD /* MotionManager.swift */,
			);
			path = Services;
			sourceTree = "<group>";
		};
/* End PBXGroup section */

/* Begin PBXNativeTarget section */
		3E21408E2C8A1378007BA9CA /* BikeConfigurationApp */ = {
			isa = PBXNativeTarget;
			buildConfigurationList = 3E2140B32C8A137B007BA9CA /* Build configuration list for PBXNativeTarget "BikeConfigurationApp" */;
			buildPhases = (
				3E21408B2C8A1378007BA9CA /* Sources */,
				3E21408C2C8A1378007BA9CA /* Frameworks */,
				3E21408D2C8A1378007BA9CA /* Resources */,
			);
			buildRules = (
			);
			dependencies = (
			);
			name = BikeConfigurationApp;
			packageProductDependencies = (
			);
			productName = BikeConfigurationApp;
			productReference = 3E21408F2C8A1378007BA9CA /* BikeConfigurationApp.app */;
			productType = "com.apple.product-type.application";
		};
		3E21409E2C8A137B007BA9CA /* BikeConfigurationAppTests */ = {
			isa = PBXNativeTarget;
			buildConfigurationList = 3E2140B62C8A137B007BA9CA /* Build configuration list for PBXNativeTarget "BikeConfigurationAppTests" */;
			buildPhases = (
				3E21409B2C8A137B007BA9CA /* Sources */,
				3E21409C2C8A137B007BA9CA /* Frameworks */,
				3E21409D2C8A137B007BA9CA /* Resources */,
			);
			buildRules = (
			);
			dependencies = (
				3E2140A12C8A137B007BA9CA /* PBXTargetDependency */,
			);
			name = BikeConfigurationAppTests;
			productName = BikeConfigurationAppTests;
			productReference = 3E21409F2C8A137B007BA9CA /* BikeConfigurationAppTests.xctest */;
			productType = "com.apple.product-type.bundle.unit-test";
		};
		3E2140A82C8A137B007BA9CA /* BikeConfigurationAppUITests */ = {
			isa = PBXNativeTarget;
			buildConfigurationList = 3E2140B92C8A137B007BA9CA /* Build configuration list for PBXNativeTarget "BikeConfigurationAppUITests" */;
			buildPhases = (
				3E2140A52C8A137B007BA9CA /* Sources */,
				3E2140A62C8A137B007BA9CA /* Frameworks */,
				3E2140A72C8A137B007BA9CA /* Resources */,
			);
			buildRules = (
			);
			dependencies = (
				3E2140AB2C8A137B007BA9CA /* PBXTargetDependency */,
			);
			name = BikeConfigurationAppUITests;
			productName = BikeConfigurationAppUITests;
			productReference = 3E2140A92C8A137B007BA9CA /* BikeConfigurationAppUITests.xctest */;
			productType = "com.apple.product-type.bundle.ui-testing";
		};
/* End PBXNativeTarget section */

/* Begin PBXProject section */
		3E2140872C8A1378007BA9CA /* Project object */ = {
			isa = PBXProject;
			attributes = {
				BuildIndependentTargetsInParallel = 1;
				LastSwiftUpdateCheck = 1540;
				LastUpgradeCheck = 1540;
				TargetAttributes = {
					3E21408E2C8A1378007BA9CA = {
						CreatedOnToolsVersion = 15.4;
					};
					3E21409E2C8A137B007BA9CA = {
						CreatedOnToolsVersion = 15.4;
						TestTargetID = 3E21408E2C8A1378007BA9CA;
					};
					3E2140A82C8A137B007BA9CA = {
						CreatedOnToolsVersion = 15.4;
						TestTargetID = 3E21408E2C8A1378007BA9CA;
					};
				};
			};
			buildConfigurationList = 3E21408A2C8A1378007BA9CA /* Build configuration list for PBXProject "BikeConfigurationApp" */;
			compatibilityVersion = "Xcode 14.0";
			developmentRegion = en;
			hasScannedForEncodings = 0;
			knownRegions = (
				en,
				Base,
			);
			mainGroup = 3E2140862C8A1378007BA9CA;
			packageReferences = (
			);
			productRefGroup = 3E2140902C8A1378007BA9CA /* Products */;
			projectDirPath = "";
			projectRoot = "";
			targets = (
				3E21408E2C8A1378007BA9CA /* BikeConfigurationApp */,
				3E21409E2C8A137B007BA9CA /* BikeConfigurationAppTests */,
				3E2140A82C8A137B007BA9CA /* BikeConfigurationAppUITests */,
			);
		};
/* End PBXProject section */

/* Begin PBXResourcesBuildPhase section */
		3E21408D2C8A1378007BA9CA /* Resources */ = {
			isa = PBXResourcesBuildPhase;
			buildActionMask = 2147483647;
			files = (
				3EA04AA92C8C4B5E009BB9AC /* Roboto-ThinItalic.ttf in Resources */,
				3EA04AA82C8C4B5E009BB9AC /* Roboto-Thin.ttf in Resources */,
				3EA04AAE2C8C4B5E009BB9AC /* Roboto-Light.ttf in Resources */,
				3EA04AAA2C8C4B5E009BB9AC /* Roboto-Medium.ttf in Resources */,
				3EA04AB22C8C4B5E009BB9AC /* Roboto-MediumItalic.ttf in Resources */,
				3EA04AAF2C8C4B5E009BB9AC /* Roboto-Bold.ttf in Resources */,
				3EA04AB12C8C4B5E009BB9AC /* Roboto-Italic.ttf in Resources */,
				3EA04AAC2C8C4B5E009BB9AC /* Roboto-Black.ttf in Resources */,
				3ECAC0212C8B4E8C008703C5 /* LaunchScreen.storyboard in Resources */,
				3EA04AB02C8C4B5E009BB9AC /* Roboto-BlackItalic.ttf in Resources */,
				3EA04AAD2C8C4B5E009BB9AC /* Roboto-LightItalic.ttf in Resources */,
				3E21409A2C8A137A007BA9CA /* Preview Assets.xcassets in Resources */,
				3EA04AB32C8C4B5E009BB9AC /* Roboto-Regular.ttf in Resources */,
				3EA04AAB2C8C4B5E009BB9AC /* Roboto-BoldItalic.ttf in Resources */,
				3E2140972C8A137A007BA9CA /* Assets.xcassets in Resources */,
			);
			runOnlyForDeploymentPostprocessing = 0;
		};
		3E21409D2C8A137B007BA9CA /* Resources */ = {
			isa = PBXResourcesBuildPhase;
			buildActionMask = 2147483647;
			files = (
			);
			runOnlyForDeploymentPostprocessing = 0;
		};
		3E2140A72C8A137B007BA9CA /* Resources */ = {
			isa = PBXResourcesBuildPhase;
			buildActionMask = 2147483647;
			files = (
			);
			runOnlyForDeploymentPostprocessing = 0;
		};
/* End PBXResourcesBuildPhase section */

/* Begin PBXSourcesBuildPhase section */
		3E21408B2C8A1378007BA9CA /* Sources */ = {
			isa = PBXSourcesBuildPhase;
			buildActionMask = 2147483647;
			files = (
				3E97B5102C997E120044FE51 /* BikeFitMigrationPlan.swift in Sources */,
				3E645B012C8CB7F1009866A9 /* TintedNavigationBarModifier.swift in Sources */,
				3E87DC252C90856600B53289 /* MyFitDetailsViewModel.swift in Sources */,
				3E0FD9982C987186004A09DF /* MeasureHandPositionView.swift in Sources */,
				3E2140952C8A1378007BA9CA /* HomeView.swift in Sources */,
				3E87DC2C2C93381800B53289 /* ShareSheet.swift in Sources */,
				3E87DC272C9090AB00B53289 /* Coordinator.swift in Sources */,
				3EC265D72C9D5D6900E2CFAD /* MotionManager.swift in Sources */,
				3E2140932C8A1378007BA9CA /* BikeConfigurationAppApp.swift in Sources */,
				3E97B50C2C997C2F0044FE51 /* BikeFitV1.swift in Sources */,
				3E645AF82C8CB18E009866A9 /* BikeFit+Extensions.swift in Sources */,
				3E01B6262C95925800C70D78 /* CustomActivitySheetModal.swift in Sources */,
				3EEA47112C9B0DD500AD8E39 /* GuidanceHandlebarPositionView.swift in Sources */,
				3E1B647A2C9C2EAC0088C08A /* MyBikes.swift in Sources */,
				3E97B5172C9ACF440044FE51 /* BikeFitUtils.swift in Sources */,
				3E01B6222C9449CA00C70D78 /* MeasureSaddlePositionView.swift in Sources */,
				3E27B8302C90712B004844B4 /* BikeFitRepositoryProtocol.swift in Sources */,
				3E87DC2A2C90A7D600B53289 /* DecimalTextField.swift in Sources */,
				3E0FD9962C9869D0004A09DF /* MeasurementView.swift in Sources */,
				3EEA470F2C9B0DB600AD8E39 /* GuidanceHandPositionView.swift in Sources */,
				3E27B82D2C9070BE004844B4 /* BikeFitRepository.swift in Sources */,
				3EEA470D2C9B0CB200AD8E39 /* GuidanceSaddlePositionView.swift in Sources */,
				3E97B5092C997A0D0044FE51 /* DataSchema.swift in Sources */,
				3E87DC212C907B5D00B53289 /* MyFitViewModel.swift in Sources */,
				3E645AF42C8CAABA009866A9 /* MyFitView.swift in Sources */,
				3E87DC232C9084FD00B53289 /* MyFitDetailsView.swift in Sources */,
				3E97B50E2C997CF80044FE51 /* BikeFitV2.swift in Sources */,
				3E0FD9922C986749004A09DF /* MeasureHandlebarPositionView.swift in Sources */,
				3E1B64782C9C25D40088C08A /* FooterToolbarView.swift in Sources */,
				3ECAC01E2C8B44B7008703C5 /* SplashView.swift in Sources */,
				3E1B64762C9C05BF0088C08A /* MyFitSummaryView.swift in Sources */,
			);
			runOnlyForDeploymentPostprocessing = 0;
		};
		3E21409B2C8A137B007BA9CA /* Sources */ = {
			isa = PBXSourcesBuildPhase;
			buildActionMask = 2147483647;
			files = (
				3E97B5122C99AAC40044FE51 /* BikeFitV2Test.swift in Sources */,
				3E2140A42C8A137B007BA9CA /* BikeConfigurationAppTests.swift in Sources */,
			);
			runOnlyForDeploymentPostprocessing = 0;
		};
		3E2140A52C8A137B007BA9CA /* Sources */ = {
			isa = PBXSourcesBuildPhase;
			buildActionMask = 2147483647;
			files = (
				3E2140B02C8A137B007BA9CA /* BikeConfigurationAppUITestsLaunchTests.swift in Sources */,
				3E2140AE2C8A137B007BA9CA /* BikeConfigurationAppUITests.swift in Sources */,
			);
			runOnlyForDeploymentPostprocessing = 0;
		};
/* End PBXSourcesBuildPhase section */

/* Begin PBXTargetDependency section */
		3E2140A12C8A137B007BA9CA /* PBXTargetDependency */ = {
			isa = PBXTargetDependency;
			target = 3E21408E2C8A1378007BA9CA /* BikeConfigurationApp */;
			targetProxy = 3E2140A02C8A137B007BA9CA /* PBXContainerItemProxy */;
		};
		3E2140AB2C8A137B007BA9CA /* PBXTargetDependency */ = {
			isa = PBXTargetDependency;
			target = 3E21408E2C8A1378007BA9CA /* BikeConfigurationApp */;
			targetProxy = 3E2140AA2C8A137B007BA9CA /* PBXContainerItemProxy */;
		};
/* End PBXTargetDependency section */

/* Begin XCBuildConfiguration section */
		3E2140B12C8A137B007BA9CA /* Debug */ = {
			isa = XCBuildConfiguration;
			buildSettings = {
				ALWAYS_SEARCH_USER_PATHS = NO;
				ASSETCATALOG_COMPILER_GENERATE_SWIFT_ASSET_SYMBOL_EXTENSIONS = YES;
				CLANG_ANALYZER_NONNULL = YES;
				CLANG_ANALYZER_NUMBER_OBJECT_CONVERSION = YES_AGGRESSIVE;
				CLANG_CXX_LANGUAGE_STANDARD = "gnu++20";
				CLANG_ENABLE_MODULES = YES;
				CLANG_ENABLE_OBJC_ARC = YES;
				CLANG_ENABLE_OBJC_WEAK = YES;
				CLANG_WARN_BLOCK_CAPTURE_AUTORELEASING = YES;
				CLANG_WARN_BOOL_CONVERSION = YES;
				CLANG_WARN_COMMA = YES;
				CLANG_WARN_CONSTANT_CONVERSION = YES;
				CLANG_WARN_DEPRECATED_OBJC_IMPLEMENTATIONS = YES;
				CLANG_WARN_DIRECT_OBJC_ISA_USAGE = YES_ERROR;
				CLANG_WARN_DOCUMENTATION_COMMENTS = YES;
				CLANG_WARN_EMPTY_BODY = YES;
				CLANG_WARN_ENUM_CONVERSION = YES;
				CLANG_WARN_INFINITE_RECURSION = YES;
				CLANG_WARN_INT_CONVERSION = YES;
				CLANG_WARN_NON_LITERAL_NULL_CONVERSION = YES;
				CLANG_WARN_OBJC_IMPLICIT_RETAIN_SELF = YES;
				CLANG_WARN_OBJC_LITERAL_CONVERSION = YES;
				CLANG_WARN_OBJC_ROOT_CLASS = YES_ERROR;
				CLANG_WARN_QUOTED_INCLUDE_IN_FRAMEWORK_HEADER = YES;
				CLANG_WARN_RANGE_LOOP_ANALYSIS = YES;
				CLANG_WARN_STRICT_PROTOTYPES = YES;
				CLANG_WARN_SUSPICIOUS_MOVE = YES;
				CLANG_WARN_UNGUARDED_AVAILABILITY = YES_AGGRESSIVE;
				CLANG_WARN_UNREACHABLE_CODE = YES;
				CLANG_WARN__DUPLICATE_METHOD_MATCH = YES;
				COPY_PHASE_STRIP = NO;
				DEBUG_INFORMATION_FORMAT = dwarf;
				ENABLE_STRICT_OBJC_MSGSEND = YES;
				ENABLE_TESTABILITY = YES;
				ENABLE_USER_SCRIPT_SANDBOXING = YES;
				GCC_C_LANGUAGE_STANDARD = gnu17;
				GCC_DYNAMIC_NO_PIC = NO;
				GCC_NO_COMMON_BLOCKS = YES;
				GCC_OPTIMIZATION_LEVEL = 0;
				GCC_PREPROCESSOR_DEFINITIONS = (
					"DEBUG=1",
					"$(inherited)",
				);
				GCC_WARN_64_TO_32_BIT_CONVERSION = YES;
				GCC_WARN_ABOUT_RETURN_TYPE = YES_ERROR;
				GCC_WARN_UNDECLARED_SELECTOR = YES;
				GCC_WARN_UNINITIALIZED_AUTOS = YES_AGGRESSIVE;
				GCC_WARN_UNUSED_FUNCTION = YES;
				GCC_WARN_UNUSED_VARIABLE = YES;
				IPHONEOS_DEPLOYMENT_TARGET = 17.5;
				LOCALIZATION_PREFERS_STRING_CATALOGS = YES;
				MTL_ENABLE_DEBUG_INFO = INCLUDE_SOURCE;
				MTL_FAST_MATH = YES;
				ONLY_ACTIVE_ARCH = YES;
				SDKROOT = iphoneos;
				SWIFT_ACTIVE_COMPILATION_CONDITIONS = "DEBUG $(inherited)";
				SWIFT_OPTIMIZATION_LEVEL = "-Onone";
			};
			name = Debug;
		};
		3E2140B22C8A137B007BA9CA /* Release */ = {
			isa = XCBuildConfiguration;
			buildSettings = {
				ALWAYS_SEARCH_USER_PATHS = NO;
				ASSETCATALOG_COMPILER_GENERATE_SWIFT_ASSET_SYMBOL_EXTENSIONS = YES;
				CLANG_ANALYZER_NONNULL = YES;
				CLANG_ANALYZER_NUMBER_OBJECT_CONVERSION = YES_AGGRESSIVE;
				CLANG_CXX_LANGUAGE_STANDARD = "gnu++20";
				CLANG_ENABLE_MODULES = YES;
				CLANG_ENABLE_OBJC_ARC = YES;
				CLANG_ENABLE_OBJC_WEAK = YES;
				CLANG_WARN_BLOCK_CAPTURE_AUTORELEASING = YES;
				CLANG_WARN_BOOL_CONVERSION = YES;
				CLANG_WARN_COMMA = YES;
				CLANG_WARN_CONSTANT_CONVERSION = YES;
				CLANG_WARN_DEPRECATED_OBJC_IMPLEMENTATIONS = YES;
				CLANG_WARN_DIRECT_OBJC_ISA_USAGE = YES_ERROR;
				CLANG_WARN_DOCUMENTATION_COMMENTS = YES;
				CLANG_WARN_EMPTY_BODY = YES;
				CLANG_WARN_ENUM_CONVERSION = YES;
				CLANG_WARN_INFINITE_RECURSION = YES;
				CLANG_WARN_INT_CONVERSION = YES;
				CLANG_WARN_NON_LITERAL_NULL_CONVERSION = YES;
				CLANG_WARN_OBJC_IMPLICIT_RETAIN_SELF = YES;
				CLANG_WARN_OBJC_LITERAL_CONVERSION = YES;
				CLANG_WARN_OBJC_ROOT_CLASS = YES_ERROR;
				CLANG_WARN_QUOTED_INCLUDE_IN_FRAMEWORK_HEADER = YES;
				CLANG_WARN_RANGE_LOOP_ANALYSIS = YES;
				CLANG_WARN_STRICT_PROTOTYPES = YES;
				CLANG_WARN_SUSPICIOUS_MOVE = YES;
				CLANG_WARN_UNGUARDED_AVAILABILITY = YES_AGGRESSIVE;
				CLANG_WARN_UNREACHABLE_CODE = YES;
				CLANG_WARN__DUPLICATE_METHOD_MATCH = YES;
				COPY_PHASE_STRIP = NO;
				DEBUG_INFORMATION_FORMAT = "dwarf-with-dsym";
				ENABLE_NS_ASSERTIONS = NO;
				ENABLE_STRICT_OBJC_MSGSEND = YES;
				ENABLE_USER_SCRIPT_SANDBOXING = YES;
				GCC_C_LANGUAGE_STANDARD = gnu17;
				GCC_NO_COMMON_BLOCKS = YES;
				GCC_WARN_64_TO_32_BIT_CONVERSION = YES;
				GCC_WARN_ABOUT_RETURN_TYPE = YES_ERROR;
				GCC_WARN_UNDECLARED_SELECTOR = YES;
				GCC_WARN_UNINITIALIZED_AUTOS = YES_AGGRESSIVE;
				GCC_WARN_UNUSED_FUNCTION = YES;
				GCC_WARN_UNUSED_VARIABLE = YES;
				IPHONEOS_DEPLOYMENT_TARGET = 17.5;
				LOCALIZATION_PREFERS_STRING_CATALOGS = YES;
				MTL_ENABLE_DEBUG_INFO = NO;
				MTL_FAST_MATH = YES;
				SDKROOT = iphoneos;
				SWIFT_COMPILATION_MODE = wholemodule;
				VALIDATE_PRODUCT = YES;
			};
			name = Release;
		};
		3E2140B42C8A137B007BA9CA /* Debug */ = {
			isa = XCBuildConfiguration;
			buildSettings = {
				ASSETCATALOG_COMPILER_APPICON_NAME = AppIcon;
				ASSETCATALOG_COMPILER_GLOBAL_ACCENT_COLOR_NAME = AccentColor;
				CODE_SIGN_ENTITLEMENTS = BikeConfigurationApp/BikeConfigurationApp.entitlements;
				CODE_SIGN_STYLE = Automatic;
				CURRENT_PROJECT_VERSION = 33;
				DEVELOPMENT_ASSET_PATHS = "\"BikeConfigurationApp/Preview Content\"";
				DEVELOPMENT_TEAM = 229AAQ5WA9;
				ENABLE_PREVIEWS = YES;
				GENERATE_INFOPLIST_FILE = YES;
				INFOPLIST_FILE = BikeConfigurationApp/Info.plist;
				INFOPLIST_KEY_CFBundleDisplayName = "Ryden Bikes";
				INFOPLIST_KEY_UIApplicationSceneManifest_Generation = YES;
				INFOPLIST_KEY_UIApplicationSupportsIndirectInputEvents = YES;
				INFOPLIST_KEY_UILaunchScreen_Generation = YES;
				INFOPLIST_KEY_UILaunchStoryboardName = LaunchScreen.storyboard;
				INFOPLIST_KEY_UISupportedInterfaceOrientations = UIInterfaceOrientationPortrait;
				INFOPLIST_KEY_UISupportedInterfaceOrientations_iPad = "UIInterfaceOrientationLandscapeLeft UIInterfaceOrientationLandscapeRight UIInterfaceOrientationPortrait UIInterfaceOrientationPortraitUpsideDown";
				IPHONEOS_DEPLOYMENT_TARGET = 17.0;
				LD_RUNPATH_SEARCH_PATHS = (
					"$(inherited)",
					"@executable_path/Frameworks",
				);
				MARKETING_VERSION = 1.0.0;
				PRODUCT_BUNDLE_IDENTIFIER = bike.ryden.BikeConfigurationApp;
				PRODUCT_NAME = "$(TARGET_NAME)";
				SUPPORTED_PLATFORMS = "iphoneos iphonesimulator";
				SUPPORTS_MACCATALYST = NO;
				SUPPORTS_MAC_DESIGNED_FOR_IPHONE_IPAD = NO;
				SUPPORTS_XR_DESIGNED_FOR_IPHONE_IPAD = NO;
				SWIFT_EMIT_LOC_STRINGS = YES;
				SWIFT_VERSION = 5.0;
				TARGETED_DEVICE_FAMILY = 1;
			};
			name = Debug;
		};
		3E2140B52C8A137B007BA9CA /* Release */ = {
			isa = XCBuildConfiguration;
			buildSettings = {
				ASSETCATALOG_COMPILER_APPICON_NAME = AppIcon;
				ASSETCATALOG_COMPILER_GLOBAL_ACCENT_COLOR_NAME = AccentColor;
				CODE_SIGN_ENTITLEMENTS = BikeConfigurationApp/BikeConfigurationApp.entitlements;
				CODE_SIGN_STYLE = Automatic;
				CURRENT_PROJECT_VERSION = 33;
				DEVELOPMENT_ASSET_PATHS = "\"BikeConfigurationApp/Preview Content\"";
				DEVELOPMENT_TEAM = 229AAQ5WA9;
				ENABLE_PREVIEWS = YES;
				GENERATE_INFOPLIST_FILE = YES;
				INFOPLIST_FILE = BikeConfigurationApp/Info.plist;
				INFOPLIST_KEY_CFBundleDisplayName = "Ryden Bikes";
				INFOPLIST_KEY_UIApplicationSceneManifest_Generation = YES;
				INFOPLIST_KEY_UIApplicationSupportsIndirectInputEvents = YES;
				INFOPLIST_KEY_UILaunchScreen_Generation = YES;
				INFOPLIST_KEY_UILaunchStoryboardName = LaunchScreen.storyboard;
				INFOPLIST_KEY_UISupportedInterfaceOrientations = UIInterfaceOrientationPortrait;
				INFOPLIST_KEY_UISupportedInterfaceOrientations_iPad = "UIInterfaceOrientationLandscapeLeft UIInterfaceOrientationLandscapeRight UIInterfaceOrientationPortrait UIInterfaceOrientationPortraitUpsideDown";
				IPHONEOS_DEPLOYMENT_TARGET = 17.0;
				LD_RUNPATH_SEARCH_PATHS = (
					"$(inherited)",
					"@executable_path/Frameworks",
				);
				MARKETING_VERSION = 1.0.0;
				PRODUCT_BUNDLE_IDENTIFIER = bike.ryden.BikeConfigurationApp;
				PRODUCT_NAME = "$(TARGET_NAME)";
				SUPPORTED_PLATFORMS = "iphoneos iphonesimulator";
				SUPPORTS_MACCATALYST = NO;
				SUPPORTS_MAC_DESIGNED_FOR_IPHONE_IPAD = NO;
				SUPPORTS_XR_DESIGNED_FOR_IPHONE_IPAD = NO;
				SWIFT_EMIT_LOC_STRINGS = YES;
				SWIFT_VERSION = 5.0;
				TARGETED_DEVICE_FAMILY = 1;
			};
			name = Release;
		};
		3E2140B72C8A137B007BA9CA /* Debug */ = {
			isa = XCBuildConfiguration;
			buildSettings = {
				ALWAYS_EMBED_SWIFT_STANDARD_LIBRARIES = YES;
				BUNDLE_LOADER = "$(TEST_HOST)";
				CODE_SIGN_STYLE = Automatic;
				CURRENT_PROJECT_VERSION = 1;
				DEVELOPMENT_TEAM = 229AAQ5WA9;
				GENERATE_INFOPLIST_FILE = YES;
				IPHONEOS_DEPLOYMENT_TARGET = 17.5;
				MARKETING_VERSION = 1.0;
				PRODUCT_BUNDLE_IDENTIFIER = bike.ryden.BikeConfigurationAppTests;
				PRODUCT_NAME = "$(TARGET_NAME)";
				SWIFT_EMIT_LOC_STRINGS = NO;
				SWIFT_VERSION = 5.0;
				TARGETED_DEVICE_FAMILY = "1,2";
				TEST_HOST = "$(BUILT_PRODUCTS_DIR)/BikeConfigurationApp.app/$(BUNDLE_EXECUTABLE_FOLDER_PATH)/BikeConfigurationApp";
			};
			name = Debug;
		};
		3E2140B82C8A137B007BA9CA /* Release */ = {
			isa = XCBuildConfiguration;
			buildSettings = {
				ALWAYS_EMBED_SWIFT_STANDARD_LIBRARIES = YES;
				BUNDLE_LOADER = "$(TEST_HOST)";
				CODE_SIGN_STYLE = Automatic;
				CURRENT_PROJECT_VERSION = 1;
				DEVELOPMENT_TEAM = 229AAQ5WA9;
				GENERATE_INFOPLIST_FILE = YES;
				IPHONEOS_DEPLOYMENT_TARGET = 17.5;
				MARKETING_VERSION = 1.0;
				PRODUCT_BUNDLE_IDENTIFIER = bike.ryden.BikeConfigurationAppTests;
				PRODUCT_NAME = "$(TARGET_NAME)";
				SWIFT_EMIT_LOC_STRINGS = NO;
				SWIFT_VERSION = 5.0;
				TARGETED_DEVICE_FAMILY = "1,2";
				TEST_HOST = "$(BUILT_PRODUCTS_DIR)/BikeConfigurationApp.app/$(BUNDLE_EXECUTABLE_FOLDER_PATH)/BikeConfigurationApp";
			};
			name = Release;
		};
		3E2140BA2C8A137B007BA9CA /* Debug */ = {
			isa = XCBuildConfiguration;
			buildSettings = {
				ALWAYS_EMBED_SWIFT_STANDARD_LIBRARIES = YES;
				CODE_SIGN_STYLE = Automatic;
				CURRENT_PROJECT_VERSION = 1;
				DEVELOPMENT_TEAM = 229AAQ5WA9;
				GENERATE_INFOPLIST_FILE = YES;
				MARKETING_VERSION = 1.0;
				PRODUCT_BUNDLE_IDENTIFIER = bike.ryden.BikeConfigurationAppUITests;
				PRODUCT_NAME = "$(TARGET_NAME)";
				SWIFT_EMIT_LOC_STRINGS = NO;
				SWIFT_VERSION = 5.0;
				TARGETED_DEVICE_FAMILY = "1,2";
				TEST_TARGET_NAME = BikeConfigurationApp;
			};
			name = Debug;
		};
		3E2140BB2C8A137B007BA9CA /* Release */ = {
			isa = XCBuildConfiguration;
			buildSettings = {
				ALWAYS_EMBED_SWIFT_STANDARD_LIBRARIES = YES;
				CODE_SIGN_STYLE = Automatic;
				CURRENT_PROJECT_VERSION = 1;
				DEVELOPMENT_TEAM = 229AAQ5WA9;
				GENERATE_INFOPLIST_FILE = YES;
				MARKETING_VERSION = 1.0;
				PRODUCT_BUNDLE_IDENTIFIER = bike.ryden.BikeConfigurationAppUITests;
				PRODUCT_NAME = "$(TARGET_NAME)";
				SWIFT_EMIT_LOC_STRINGS = NO;
				SWIFT_VERSION = 5.0;
				TARGETED_DEVICE_FAMILY = "1,2";
				TEST_TARGET_NAME = BikeConfigurationApp;
			};
			name = Release;
		};
/* End XCBuildConfiguration section */

/* Begin XCConfigurationList section */
		3E21408A2C8A1378007BA9CA /* Build configuration list for PBXProject "BikeConfigurationApp" */ = {
			isa = XCConfigurationList;
			buildConfigurations = (
				3E2140B12C8A137B007BA9CA /* Debug */,
				3E2140B22C8A137B007BA9CA /* Release */,
			);
			defaultConfigurationIsVisible = 0;
			defaultConfigurationName = Release;
		};
		3E2140B32C8A137B007BA9CA /* Build configuration list for PBXNativeTarget "BikeConfigurationApp" */ = {
			isa = XCConfigurationList;
			buildConfigurations = (
				3E2140B42C8A137B007BA9CA /* Debug */,
				3E2140B52C8A137B007BA9CA /* Release */,
			);
			defaultConfigurationIsVisible = 0;
			defaultConfigurationName = Release;
		};
		3E2140B62C8A137B007BA9CA /* Build configuration list for PBXNativeTarget "BikeConfigurationAppTests" */ = {
			isa = XCConfigurationList;
			buildConfigurations = (
				3E2140B72C8A137B007BA9CA /* Debug */,
				3E2140B82C8A137B007BA9CA /* Release */,
			);
			defaultConfigurationIsVisible = 0;
			defaultConfigurationName = Release;
		};
		3E2140B92C8A137B007BA9CA /* Build configuration list for PBXNativeTarget "BikeConfigurationAppUITests" */ = {
			isa = XCConfigurationList;
			buildConfigurations = (
				3E2140BA2C8A137B007BA9CA /* Debug */,
				3E2140BB2C8A137B007BA9CA /* Release */,
			);
			defaultConfigurationIsVisible = 0;
			defaultConfigurationName = Release;
		};
/* End XCConfigurationList section */
	};
	rootObject = 3E2140872C8A1378007BA9CA /* Project object */;
}
